{
  "nodes": {
    "nixCats": {
      "locked": {
        "lastModified": 1767604651,
        "narHash": "sha256-itAnxzTpWpY1s3LA/oNngOuZDXT5U5JUZP5fApwx9gs=",
        "owner": "BirdeeHub",
        "repo": "nixCats-nvim",
        "rev": "3c9bc4d7123e1b48d92f25ba505b889af541e897",
        "type": "github"
      },
      "original": {
        "owner": "BirdeeHub",
        "repo": "nixCats-nvim",
        "type": "github"
      }
    },
    "nixpkgs": {
      "locked": {
        "lastModified": 1768305791,
        "narHash": "sha256-AIdl6WAn9aymeaH/NvBj0H9qM+XuAuYbGMZaP0zcXAQ=",
        "owner": "nixos",
        "repo": "nixpkgs",
        "rev": "1412caf7bf9e660f2f962917c14b1ea1c3bc695e",
        "type": "github"
      },
      "original": {
        "owner": "nixos",
        "ref": "nixos-unstable",
        "repo": "nixpkgs",
        "type": "github"
      }
    },
    "root": {
      "inputs": {
        "nixCats": "nixCats",
        "nixpkgs": "nixpkgs"
      }
    }
  },
  "root": "root",
  "version": 7
}
